{
  "name": "miniprogram-ts-less-quickstart",
  "version": "1.0.0",
  "lockfileVersion": 2,
  "requires": true,
  "packages": {
    "": {
      "name": "miniprogram-ts-less-quickstart",
      "version": "1.0.0",
      "dependencies": {
        "ffc-wechat-miniprogram-sdk": "^0.0.8"
      },
      "devDependencies": {}
    },
    "node_modules/ffc-wechat-miniprogram-sdk": {
      "version": "0.0.8",
      "resolved": "https://registry.npmjs.org/ffc-wechat-miniprogram-sdk/-/ffc-wechat-miniprogram-sdk-0.0.8.tgz",
      "integrity": "sha512-z579bfqXY2ZNg3zGbo5NM7c/ZYlvlGHp0PAfIizNJPpI1+3Q2QLH3ohvDaT9PcmbYBwmNYfIMuWcUdY/89mQkw=="
    }
  },
  "dependencies": {
    "ffc-wechat-miniprogram-sdk": {
      "version": "0.0.8",
      "resolved": "https://registry.npmjs.org/ffc-wechat-miniprogram-sdk/-/ffc-wechat-miniprogram-sdk-0.0.8.tgz",
      "integrity": "sha512-z579bfqXY2ZNg3zGbo5NM7c/ZYlvlGHp0PAfIizNJPpI1+3Q2QLH3ohvDaT9PcmbYBwmNYfIMuWcUdY/89mQkw=="
    }
  }
}
