{
  "name": "miniprogram-ts-less-quickstart",
  "version": "1.0.0",
  "lockfileVersion": 2,
  "requires": true,
  "packages": {
    "": {
      "name": "miniprogram-ts-less-quickstart",
      "version": "1.0.0",
      "dependencies": {
        "ffc-wechat-miniprogram-sdk": "0.0.5"
      },
      "devDependencies": {}
    },
    "node_modules/ffc-wechat-miniprogram-sdk": {
      "version": "0.0.5",
      "resolved": "https://registry.npmjs.org/ffc-wechat-miniprogram-sdk/-/ffc-wechat-miniprogram-sdk-0.0.5.tgz",
      "integrity": "sha512-Gl2deUjOYLaNcUE+aRHe3X2q0GfrTBjTTRCjcFXuxX9MU6xulM4YMwHPQd9CNmk8Hw5kB7kSMh9svrls3mZ7iQ=="
    }
  },
  "dependencies": {
    "ffc-wechat-miniprogram-sdk": {
      "version": "0.0.5",
      "resolved": "https://registry.npmjs.org/ffc-wechat-miniprogram-sdk/-/ffc-wechat-miniprogram-sdk-0.0.5.tgz",
      "integrity": "sha512-Gl2deUjOYLaNcUE+aRHe3X2q0GfrTBjTTRCjcFXuxX9MU6xulM4YMwHPQd9CNmk8Hw5kB7kSMh9svrls3mZ7iQ=="
    }
  }
}
