{
  "name": "miniprogram-ts-less-quickstart",
  "version": "1.0.0",
  "lockfileVersion": 2,
  "requires": true,
  "packages": {
    "": {
      "name": "miniprogram-ts-less-quickstart",
      "version": "1.0.0",
      "dependencies": {
        "ffc-wechat-miniprogram-sdk": "^0.1.2"
      },
      "devDependencies": {}
    },
    "node_modules/ffc-wechat-miniprogram-sdk": {
      "version": "0.1.2",
      "resolved": "https://registry.npmjs.org/ffc-wechat-miniprogram-sdk/-/ffc-wechat-miniprogram-sdk-0.1.2.tgz",
      "integrity": "sha512-coaMg4/gla6jpmcL2OsRp1hCbbt+QJdJYLcA1apPOC4PYS3R87+B1z2Tjwcgh5o0EKAX/5ZpB088xI3YcQZ5Bw=="
    }
  },
  "dependencies": {
    "ffc-wechat-miniprogram-sdk": {
      "version": "0.1.2",
      "resolved": "https://registry.npmjs.org/ffc-wechat-miniprogram-sdk/-/ffc-wechat-miniprogram-sdk-0.1.2.tgz",
      "integrity": "sha512-coaMg4/gla6jpmcL2OsRp1hCbbt+QJdJYLcA1apPOC4PYS3R87+B1z2Tjwcgh5o0EKAX/5ZpB088xI3YcQZ5Bw=="
    }
  }
}
